
Microsoft Visual Studio Solution File, Format Version 12.00
# Visual Studio 15
VisualStudioVersion = 15.0.27428.2027
MinimumVisualStudioVersion = 10.0.40219.1
Project("{FAE04EC0-301F-11D3-BF4B-00C04F79EFBC}") = "RabbitMQ.Sender", "MQSender\RabbitMQ.Sender.csproj", "{756DB981-85EB-4336-9AF1-37F13637B713}"
EndProject
Project("{FAE04EC0-301F-11D3-BF4B-00C04F79EFBC}") = "RabbitMQ.Receiver", "MQReceiver\RabbitMQ.Receiver.csproj", "{FC34677C-FC40-4748-B2BB-A081222F55C9}"
EndProject
Project("{FAE04EC0-301F-11D3-BF4B-00C04F79EFBC}") = "RabbitMQ.Manager", "MQManager\RabbitMQ.Manager.csproj", "{BFD9D7F1-3838-47EE-8B62-7A3A9335EBD7}"
EndProject
Project("{2150E333-8FDC-42A3-9474-1A3956D46DE8}") = "Console", "Console", "{691AF855-405F-4203-9E13-BE51157FA706}"
EndProject
Project("{2150E333-8FDC-42A3-9474-1A3956D46DE8}") = "Lib", "Lib", "{A366C1D0-2DDA-4BD5-9606-6D120E71B3AA}"
EndProject
Project("{2150E333-8FDC-42A3-9474-1A3956D46DE8}") = "Unit Test", "Unit Test", "{0CD0362B-3155-4087-9230-A05454FB7D87}"
EndProject
Project("{2150E333-8FDC-42A3-9474-1A3956D46DE8}") = "Lib", "Lib", "{0048F544-BBB6-4699-AA31-DA2010B53A0E}"
EndProject
Project("{2150E333-8FDC-42A3-9474-1A3956D46DE8}") = "Testing", "Testing", "{7DD542E2-4F4B-40E7-83CB-F93C44C7F61E}"
EndProject
Project("{FAE04EC0-301F-11D3-BF4B-00C04F79EFBC}") = "RabbitMQ.Mock", "RabbitMQ.Mock\RabbitMQ.Mock.csproj", "{AE807586-1B06-4E88-AF4E-ECC662407802}"
EndProject
Project("{FAE04EC0-301F-11D3-BF4B-00C04F79EFBC}") = "RabbitMQ.Mock.Test", "RabbitMQ.Mock.Test\RabbitMQ.Mock.Test.csproj", "{1F9E0953-8888-4F2E-97F3-AE796142624D}"
EndProject
Global
	GlobalSection(SolutionConfigurationPlatforms) = preSolution
		Debug|Any CPU = Debug|Any CPU
		Release|Any CPU = Release|Any CPU
	EndGlobalSection
	GlobalSection(ProjectConfigurationPlatforms) = postSolution
		{756DB981-85EB-4336-9AF1-37F13637B713}.Debug|Any CPU.ActiveCfg = Debug|Any CPU
		{756DB981-85EB-4336-9AF1-37F13637B713}.Debug|Any CPU.Build.0 = Debug|Any CPU
		{756DB981-85EB-4336-9AF1-37F13637B713}.Release|Any CPU.ActiveCfg = Release|Any CPU
		{756DB981-85EB-4336-9AF1-37F13637B713}.Release|Any CPU.Build.0 = Release|Any CPU
		{FC34677C-FC40-4748-B2BB-A081222F55C9}.Debug|Any CPU.ActiveCfg = Debug|Any CPU
		{FC34677C-FC40-4748-B2BB-A081222F55C9}.Debug|Any CPU.Build.0 = Debug|Any CPU
		{FC34677C-FC40-4748-B2BB-A081222F55C9}.Release|Any CPU.ActiveCfg = Release|Any CPU
		{FC34677C-FC40-4748-B2BB-A081222F55C9}.Release|Any CPU.Build.0 = Release|Any CPU
		{BFD9D7F1-3838-47EE-8B62-7A3A9335EBD7}.Debug|Any CPU.ActiveCfg = Debug|Any CPU
		{BFD9D7F1-3838-47EE-8B62-7A3A9335EBD7}.Debug|Any CPU.Build.0 = Debug|Any CPU
		{BFD9D7F1-3838-47EE-8B62-7A3A9335EBD7}.Release|Any CPU.ActiveCfg = Release|Any CPU
		{BFD9D7F1-3838-47EE-8B62-7A3A9335EBD7}.Release|Any CPU.Build.0 = Release|Any CPU
		{AE807586-1B06-4E88-AF4E-ECC662407802}.Debug|Any CPU.ActiveCfg = Debug|Any CPU
		{AE807586-1B06-4E88-AF4E-ECC662407802}.Debug|Any CPU.Build.0 = Debug|Any CPU
		{AE807586-1B06-4E88-AF4E-ECC662407802}.Release|Any CPU.ActiveCfg = Release|Any CPU
		{AE807586-1B06-4E88-AF4E-ECC662407802}.Release|Any CPU.Build.0 = Release|Any CPU
		{1F9E0953-8888-4F2E-97F3-AE796142624D}.Debug|Any CPU.ActiveCfg = Debug|Any CPU
		{1F9E0953-8888-4F2E-97F3-AE796142624D}.Debug|Any CPU.Build.0 = Debug|Any CPU
		{1F9E0953-8888-4F2E-97F3-AE796142624D}.Release|Any CPU.ActiveCfg = Release|Any CPU
		{1F9E0953-8888-4F2E-97F3-AE796142624D}.Release|Any CPU.Build.0 = Release|Any CPU
	EndGlobalSection
	GlobalSection(SolutionProperties) = preSolution
		HideSolutionNode = FALSE
	EndGlobalSection
	GlobalSection(NestedProjects) = preSolution
		{756DB981-85EB-4336-9AF1-37F13637B713} = {691AF855-405F-4203-9E13-BE51157FA706}
		{FC34677C-FC40-4748-B2BB-A081222F55C9} = {691AF855-405F-4203-9E13-BE51157FA706}
		{BFD9D7F1-3838-47EE-8B62-7A3A9335EBD7} = {A366C1D0-2DDA-4BD5-9606-6D120E71B3AA}
		{0048F544-BBB6-4699-AA31-DA2010B53A0E} = {0CD0362B-3155-4087-9230-A05454FB7D87}
		{7DD542E2-4F4B-40E7-83CB-F93C44C7F61E} = {0CD0362B-3155-4087-9230-A05454FB7D87}
		{AE807586-1B06-4E88-AF4E-ECC662407802} = {0048F544-BBB6-4699-AA31-DA2010B53A0E}
		{1F9E0953-8888-4F2E-97F3-AE796142624D} = {7DD542E2-4F4B-40E7-83CB-F93C44C7F61E}
	EndGlobalSection
	GlobalSection(ExtensibilityGlobals) = postSolution
		SolutionGuid = {02D76715-4AE3-465C-A0B8-09CA72A88C37}
	EndGlobalSection
EndGlobal
